
Microsoft Visual Studio Solution File, Format Version 12.00
# Visual Studio Version 16
VisualStudioVersion = 16.0.30503.244
MinimumVisualStudioVersion = 10.0.40219.1
Project("{2150E333-8FDC-42A3-9474-1A3956D46DE8}") = "Presentation", "Presentation", "{871C966A-6FF4-4EC5-8DED-D0ACF3527BC5}"
EndProject
Project("{2150E333-8FDC-42A3-9474-1A3956D46DE8}") = "Infra.IoC", "Infra.IoC", "{5E97E9D8-D4CD-4C3A-8442-AC54A0F93954}"
EndProject
Project("{2150E333-8FDC-42A3-9474-1A3956D46DE8}") = "Infra.Data", "Infra.Data", "{FF896737-7813-44BE-A87A-DA1408D63CEF}"
EndProject
Project("{2150E333-8FDC-42A3-9474-1A3956D46DE8}") = "Domain", "Domain", "{1ACD90DA-F7CA-44DE-A993-9228FBC96EE8}"
EndProject
Project("{2150E333-8FDC-42A3-9474-1A3956D46DE8}") = "Application", "Application", "{59DCFEEC-3CB1-4981-B7EA-31D5FC3D81B3}"
EndProject
Project("{FAE04EC0-301F-11D3-BF4B-00C04F79EFBC}") = "SheClean.MVC", "SheClean.MVC\SheClean.MVC.csproj", "{540B0225-DC3C-4D3D-8E71-4A5DF876580C}"
EndProject
Project("{FAE04EC0-301F-11D3-BF4B-00C04F79EFBC}") = "SheClean.Domain", "SheClean.Domain\SheClean.Domain.csproj", "{E2069CF6-F1D2-4CF9-995D-3DDDC04081E9}"
EndProject
Project("{FAE04EC0-301F-11D3-BF4B-00C04F79EFBC}") = "SheClean.Infra.Data", "SheClean.Infra.Data\SheClean.Infra.Data.csproj", "{A7AB4A86-4AE3-433E-815B-ABF8D585944A}"
EndProject
Project("{FAE04EC0-301F-11D3-BF4B-00C04F79EFBC}") = "SheClean.Application", "SheClean.Application\SheClean.Application.csproj", "{0595FEF2-04DB-45E0-8890-D0F175C3D88D}"
EndProject
Project("{FAE04EC0-301F-11D3-BF4B-00C04F79EFBC}") = "SheClean.Infra.IoC", "SheClean.Infra.IoC\SheClean.Infra.IoC.csproj", "{39EADF19-2220-4D41-9889-6A827E7E9C11}"
EndProject
Global
	GlobalSection(SolutionConfigurationPlatforms) = preSolution
		Debug|Any CPU = Debug|Any CPU
		Release|Any CPU = Release|Any CPU
	EndGlobalSection
	GlobalSection(ProjectConfigurationPlatforms) = postSolution
		{540B0225-DC3C-4D3D-8E71-4A5DF876580C}.Debug|Any CPU.ActiveCfg = Debug|Any CPU
		{540B0225-DC3C-4D3D-8E71-4A5DF876580C}.Debug|Any CPU.Build.0 = Debug|Any CPU
		{540B0225-DC3C-4D3D-8E71-4A5DF876580C}.Release|Any CPU.ActiveCfg = Release|Any CPU
		{540B0225-DC3C-4D3D-8E71-4A5DF876580C}.Release|Any CPU.Build.0 = Release|Any CPU
		{E2069CF6-F1D2-4CF9-995D-3DDDC04081E9}.Debug|Any CPU.ActiveCfg = Debug|Any CPU
		{E2069CF6-F1D2-4CF9-995D-3DDDC04081E9}.Debug|Any CPU.Build.0 = Debug|Any CPU
		{E2069CF6-F1D2-4CF9-995D-3DDDC04081E9}.Release|Any CPU.ActiveCfg = Release|Any CPU
		{E2069CF6-F1D2-4CF9-995D-3DDDC04081E9}.Release|Any CPU.Build.0 = Release|Any CPU
		{A7AB4A86-4AE3-433E-815B-ABF8D585944A}.Debug|Any CPU.ActiveCfg = Debug|Any CPU
		{A7AB4A86-4AE3-433E-815B-ABF8D585944A}.Debug|Any CPU.Build.0 = Debug|Any CPU
		{A7AB4A86-4AE3-433E-815B-ABF8D585944A}.Release|Any CPU.ActiveCfg = Release|Any CPU
		{A7AB4A86-4AE3-433E-815B-ABF8D585944A}.Release|Any CPU.Build.0 = Release|Any CPU
		{0595FEF2-04DB-45E0-8890-D0F175C3D88D}.Debug|Any CPU.ActiveCfg = Debug|Any CPU
		{0595FEF2-04DB-45E0-8890-D0F175C3D88D}.Debug|Any CPU.Build.0 = Debug|Any CPU
		{0595FEF2-04DB-45E0-8890-D0F175C3D88D}.Release|Any CPU.ActiveCfg = Release|Any CPU
		{0595FEF2-04DB-45E0-8890-D0F175C3D88D}.Release|Any CPU.Build.0 = Release|Any CPU
		{39EADF19-2220-4D41-9889-6A827E7E9C11}.Debug|Any CPU.ActiveCfg = Debug|Any CPU
		{39EADF19-2220-4D41-9889-6A827E7E9C11}.Debug|Any CPU.Build.0 = Debug|Any CPU
		{39EADF19-2220-4D41-9889-6A827E7E9C11}.Release|Any CPU.ActiveCfg = Release|Any CPU
		{39EADF19-2220-4D41-9889-6A827E7E9C11}.Release|Any CPU.Build.0 = Release|Any CPU
	EndGlobalSection
	GlobalSection(SolutionProperties) = preSolution
		HideSolutionNode = FALSE
	EndGlobalSection
	GlobalSection(NestedProjects) = preSolution
		{540B0225-DC3C-4D3D-8E71-4A5DF876580C} = {871C966A-6FF4-4EC5-8DED-D0ACF3527BC5}
		{E2069CF6-F1D2-4CF9-995D-3DDDC04081E9} = {1ACD90DA-F7CA-44DE-A993-9228FBC96EE8}
		{A7AB4A86-4AE3-433E-815B-ABF8D585944A} = {FF896737-7813-44BE-A87A-DA1408D63CEF}
		{0595FEF2-04DB-45E0-8890-D0F175C3D88D} = {59DCFEEC-3CB1-4981-B7EA-31D5FC3D81B3}
		{39EADF19-2220-4D41-9889-6A827E7E9C11} = {5E97E9D8-D4CD-4C3A-8442-AC54A0F93954}
	EndGlobalSection
	GlobalSection(ExtensibilityGlobals) = postSolution
		SolutionGuid = {3958F72B-4ED7-47A3-ABE3-D3D843896F14}
	EndGlobalSection
EndGlobal
